
Microsoft Visual Studio Solution File, Format Version 12.00
# Visual Studio Version 16
VisualStudioVersion = 16.0.29411.108
MinimumVisualStudioVersion = 10.0.40219.1
Project("{9A19103F-16F7-4668-BE54-9A1E7A4F7556}") = "Pl.Caching", "Pl.Caching\Pl.Caching.csproj", "{DEF974C2-4F01-46D7-9299-832AF591BEC0}"
EndProject
Project("{9A19103F-16F7-4668-BE54-9A1E7A4F7556}") = "Pl.Core", "Pl.Core\Pl.Core.csproj", "{6D4E3AF5-5F85-44BF-9182-2E4C312845EB}"
EndProject
Project("{9A19103F-16F7-4668-BE54-9A1E7A4F7556}") = "Pl.Identity", "Pl.Identity\Pl.Identity.csproj", "{66282927-B096-44BB-B967-DC37EC61958C}"
EndProject
Project("{9A19103F-16F7-4668-BE54-9A1E7A4F7556}") = "Pl.Logging", "Pl.Logging\Pl.Logging.csproj", "{3E51C891-95E6-484E-9765-E0A3841BB3ED}"
EndProject
Project("{9A19103F-16F7-4668-BE54-9A1E7A4F7556}") = "Pl.WebFramework", "Pl.WebFramework\Pl.WebFramework.csproj", "{3D0A03C1-D077-46DC-9BA5-209F87875774}"
EndProject
Project("{2150E333-8FDC-42A3-9474-1A3956D46DE8}") = "2.Core", "2.Core", "{B21F1BB5-B2A3-4400-ADAC-8DCC75FB6E9A}"
EndProject
Project("{2150E333-8FDC-42A3-9474-1A3956D46DE8}") = "1.Representation", "1.Representation", "{344294E4-5C0C-4F82-9F99-F1914DE0EA85}"
EndProject
Project("{2150E333-8FDC-42A3-9474-1A3956D46DE8}") = "3.Infrastructure", "3.Infrastructure", "{3EDEF2E6-909C-4C8E-900E-66D244579BF6}"
EndProject
Project("{2150E333-8FDC-42A3-9474-1A3956D46DE8}") = "4.Tests", "4.Tests", "{DA7C2A28-2A26-495D-A26C-73EBE2B1C0C5}"
EndProject
Project("{2150E333-8FDC-42A3-9474-1A3956D46DE8}") = "5.SolutionItems", "5.SolutionItems", "{6DF25DFF-E466-49EC-8E6D-6D218858FF80}"
	ProjectSection(SolutionItems) = preProject
		..\.dockerignore = ..\.dockerignore
		..\.gitattributes = ..\.gitattributes
		..\.gitignore = ..\.gitignore
		..\CHANGELOG = ..\CHANGELOG
		..\CommandTemplate.txt = ..\CommandTemplate.txt
		..\CONTRIBUTING.md = ..\CONTRIBUTING.md
		..\README.md = ..\README.md
	EndProjectSection
EndProject
Project("{9A19103F-16F7-4668-BE54-9A1E7A4F7556}") = "Pl.UnitTest", "..\test\Pl.UnitTest\Pl.UnitTest.csproj", "{F1FEEA2D-2B71-488C-B99B-F54088AE38E7}"
EndProject
Project("{9A19103F-16F7-4668-BE54-9A1E7A4F7556}") = "Pl.IntegrationTest", "..\test\Pl.IntegrationTest\Pl.IntegrationTest.csproj", "{891E6A05-F656-4715-B67C-42EDD6BF7474}"
EndProject
Project("{9A19103F-16F7-4668-BE54-9A1E7A4F7556}") = "Pl.FuntionalTest", "..\test\Pl.FuntionalTest\Pl.FuntionalTest.csproj", "{4C63AF8A-4E72-4671-B62B-A2A4506AD49F}"
EndProject
Project("{9A19103F-16F7-4668-BE54-9A1E7A4F7556}") = "Pl.EntityFrameworkCore", "Pl.EntityFrameworkCore\Pl.EntityFrameworkCore.csproj", "{75F7CDBF-FA4A-4F6F-A560-7BB07EDEAE69}"
EndProject
Project("{9A19103F-16F7-4668-BE54-9A1E7A4F7556}") = "Pl.Notification", "Pl.Notification\Pl.Notification.csproj", "{A976DE39-CC8A-4F15-8BF5-E39CF2E97F91}"
EndProject
Project("{9A19103F-16F7-4668-BE54-9A1E7A4F7556}") = "Pl.System", "Pl.System\Pl.System.csproj", "{F814BD3E-CD6A-403C-82AB-FB142A7CF650}"
EndProject
Project("{FAE04EC0-301F-11D3-BF4B-00C04F79EFBC}") = "Pl.Cms", "Pl.Cms\Pl.Cms.csproj", "{66A05B92-ED05-454B-9CB7-1D17E4F10D2F}"
EndProject
Global
	GlobalSection(SolutionConfigurationPlatforms) = preSolution
		Debug|Any CPU = Debug|Any CPU
		Release|Any CPU = Release|Any CPU
	EndGlobalSection
	GlobalSection(ProjectConfigurationPlatforms) = postSolution
		{DEF974C2-4F01-46D7-9299-832AF591BEC0}.Debug|Any CPU.ActiveCfg = Debug|Any CPU
		{DEF974C2-4F01-46D7-9299-832AF591BEC0}.Debug|Any CPU.Build.0 = Debug|Any CPU
		{DEF974C2-4F01-46D7-9299-832AF591BEC0}.Release|Any CPU.ActiveCfg = Release|Any CPU
		{DEF974C2-4F01-46D7-9299-832AF591BEC0}.Release|Any CPU.Build.0 = Release|Any CPU
		{6D4E3AF5-5F85-44BF-9182-2E4C312845EB}.Debug|Any CPU.ActiveCfg = Debug|Any CPU
		{6D4E3AF5-5F85-44BF-9182-2E4C312845EB}.Debug|Any CPU.Build.0 = Debug|Any CPU
		{6D4E3AF5-5F85-44BF-9182-2E4C312845EB}.Release|Any CPU.ActiveCfg = Release|Any CPU
		{6D4E3AF5-5F85-44BF-9182-2E4C312845EB}.Release|Any CPU.Build.0 = Release|Any CPU
		{66282927-B096-44BB-B967-DC37EC61958C}.Debug|Any CPU.ActiveCfg = Debug|Any CPU
		{66282927-B096-44BB-B967-DC37EC61958C}.Debug|Any CPU.Build.0 = Debug|Any CPU
		{66282927-B096-44BB-B967-DC37EC61958C}.Release|Any CPU.ActiveCfg = Release|Any CPU
		{66282927-B096-44BB-B967-DC37EC61958C}.Release|Any CPU.Build.0 = Release|Any CPU
		{3E51C891-95E6-484E-9765-E0A3841BB3ED}.Debug|Any CPU.ActiveCfg = Debug|Any CPU
		{3E51C891-95E6-484E-9765-E0A3841BB3ED}.Debug|Any CPU.Build.0 = Debug|Any CPU
		{3E51C891-95E6-484E-9765-E0A3841BB3ED}.Release|Any CPU.ActiveCfg = Release|Any CPU
		{3E51C891-95E6-484E-9765-E0A3841BB3ED}.Release|Any CPU.Build.0 = Release|Any CPU
		{3D0A03C1-D077-46DC-9BA5-209F87875774}.Debug|Any CPU.ActiveCfg = Debug|Any CPU
		{3D0A03C1-D077-46DC-9BA5-209F87875774}.Debug|Any CPU.Build.0 = Debug|Any CPU
		{3D0A03C1-D077-46DC-9BA5-209F87875774}.Release|Any CPU.ActiveCfg = Release|Any CPU
		{3D0A03C1-D077-46DC-9BA5-209F87875774}.Release|Any CPU.Build.0 = Release|Any CPU
		{F1FEEA2D-2B71-488C-B99B-F54088AE38E7}.Debug|Any CPU.ActiveCfg = Debug|Any CPU
		{F1FEEA2D-2B71-488C-B99B-F54088AE38E7}.Debug|Any CPU.Build.0 = Debug|Any CPU
		{F1FEEA2D-2B71-488C-B99B-F54088AE38E7}.Release|Any CPU.ActiveCfg = Release|Any CPU
		{F1FEEA2D-2B71-488C-B99B-F54088AE38E7}.Release|Any CPU.Build.0 = Release|Any CPU
		{891E6A05-F656-4715-B67C-42EDD6BF7474}.Debug|Any CPU.ActiveCfg = Debug|Any CPU
		{891E6A05-F656-4715-B67C-42EDD6BF7474}.Debug|Any CPU.Build.0 = Debug|Any CPU
		{891E6A05-F656-4715-B67C-42EDD6BF7474}.Release|Any CPU.ActiveCfg = Release|Any CPU
		{891E6A05-F656-4715-B67C-42EDD6BF7474}.Release|Any CPU.Build.0 = Release|Any CPU
		{4C63AF8A-4E72-4671-B62B-A2A4506AD49F}.Debug|Any CPU.ActiveCfg = Debug|Any CPU
		{4C63AF8A-4E72-4671-B62B-A2A4506AD49F}.Debug|Any CPU.Build.0 = Debug|Any CPU
		{4C63AF8A-4E72-4671-B62B-A2A4506AD49F}.Release|Any CPU.ActiveCfg = Release|Any CPU
		{4C63AF8A-4E72-4671-B62B-A2A4506AD49F}.Release|Any CPU.Build.0 = Release|Any CPU
		{75F7CDBF-FA4A-4F6F-A560-7BB07EDEAE69}.Debug|Any CPU.ActiveCfg = Debug|Any CPU
		{75F7CDBF-FA4A-4F6F-A560-7BB07EDEAE69}.Debug|Any CPU.Build.0 = Debug|Any CPU
		{75F7CDBF-FA4A-4F6F-A560-7BB07EDEAE69}.Release|Any CPU.ActiveCfg = Release|Any CPU
		{75F7CDBF-FA4A-4F6F-A560-7BB07EDEAE69}.Release|Any CPU.Build.0 = Release|Any CPU
		{A976DE39-CC8A-4F15-8BF5-E39CF2E97F91}.Debug|Any CPU.ActiveCfg = Debug|Any CPU
		{A976DE39-CC8A-4F15-8BF5-E39CF2E97F91}.Debug|Any CPU.Build.0 = Debug|Any CPU
		{A976DE39-CC8A-4F15-8BF5-E39CF2E97F91}.Release|Any CPU.ActiveCfg = Release|Any CPU
		{A976DE39-CC8A-4F15-8BF5-E39CF2E97F91}.Release|Any CPU.Build.0 = Release|Any CPU
		{F814BD3E-CD6A-403C-82AB-FB142A7CF650}.Debug|Any CPU.ActiveCfg = Debug|Any CPU
		{F814BD3E-CD6A-403C-82AB-FB142A7CF650}.Debug|Any CPU.Build.0 = Debug|Any CPU
		{F814BD3E-CD6A-403C-82AB-FB142A7CF650}.Release|Any CPU.ActiveCfg = Release|Any CPU
		{F814BD3E-CD6A-403C-82AB-FB142A7CF650}.Release|Any CPU.Build.0 = Release|Any CPU
		{66A05B92-ED05-454B-9CB7-1D17E4F10D2F}.Debug|Any CPU.ActiveCfg = Debug|Any CPU
		{66A05B92-ED05-454B-9CB7-1D17E4F10D2F}.Debug|Any CPU.Build.0 = Debug|Any CPU
		{66A05B92-ED05-454B-9CB7-1D17E4F10D2F}.Release|Any CPU.ActiveCfg = Release|Any CPU
		{66A05B92-ED05-454B-9CB7-1D17E4F10D2F}.Release|Any CPU.Build.0 = Release|Any CPU
	EndGlobalSection
	GlobalSection(SolutionProperties) = preSolution
		HideSolutionNode = FALSE
	EndGlobalSection
	GlobalSection(NestedProjects) = preSolution
		{DEF974C2-4F01-46D7-9299-832AF591BEC0} = {3EDEF2E6-909C-4C8E-900E-66D244579BF6}
		{6D4E3AF5-5F85-44BF-9182-2E4C312845EB} = {B21F1BB5-B2A3-4400-ADAC-8DCC75FB6E9A}
		{66282927-B096-44BB-B967-DC37EC61958C} = {3EDEF2E6-909C-4C8E-900E-66D244579BF6}
		{3E51C891-95E6-484E-9765-E0A3841BB3ED} = {3EDEF2E6-909C-4C8E-900E-66D244579BF6}
		{3D0A03C1-D077-46DC-9BA5-209F87875774} = {3EDEF2E6-909C-4C8E-900E-66D244579BF6}
		{F1FEEA2D-2B71-488C-B99B-F54088AE38E7} = {DA7C2A28-2A26-495D-A26C-73EBE2B1C0C5}
		{891E6A05-F656-4715-B67C-42EDD6BF7474} = {DA7C2A28-2A26-495D-A26C-73EBE2B1C0C5}
		{4C63AF8A-4E72-4671-B62B-A2A4506AD49F} = {DA7C2A28-2A26-495D-A26C-73EBE2B1C0C5}
		{75F7CDBF-FA4A-4F6F-A560-7BB07EDEAE69} = {3EDEF2E6-909C-4C8E-900E-66D244579BF6}
		{A976DE39-CC8A-4F15-8BF5-E39CF2E97F91} = {3EDEF2E6-909C-4C8E-900E-66D244579BF6}
		{F814BD3E-CD6A-403C-82AB-FB142A7CF650} = {3EDEF2E6-909C-4C8E-900E-66D244579BF6}
		{66A05B92-ED05-454B-9CB7-1D17E4F10D2F} = {344294E4-5C0C-4F82-9F99-F1914DE0EA85}
	EndGlobalSection
	GlobalSection(ExtensibilityGlobals) = postSolution
		SolutionGuid = {E1AAA6D5-C119-4FF6-9277-8B2634CDC565}
	EndGlobalSection
EndGlobal
